
Microsoft Visual Studio Solution File, Format Version 12.00
# Visual Studio Version 17
VisualStudioVersion = 17.9.34723.18
MinimumVisualStudioVersion = 10.0.40219.1
Project("{FAE04EC0-301F-11D3-BF4B-00C04F79EFBC}") = "ssoSiteTest", "ssoSiteTest.csproj", "{436EC8DD-FF2C-48F1-BB5B-799E694D8E44}"
EndProject
Global
	GlobalSection(SolutionConfigurationPlatforms) = preSolution
		Debug|Any CPU = Debug|Any CPU
		Release|Any CPU = Release|Any CPU
	EndGlobalSection
	GlobalSection(ProjectConfigurationPlatforms) = postSolution
		{436EC8DD-FF2C-48F1-BB5B-799E694D8E44}.Debug|Any CPU.ActiveCfg = Debug|Any CPU
		{436EC8DD-FF2C-48F1-BB5B-799E694D8E44}.Debug|Any CPU.Build.0 = Debug|Any CPU
		{436EC8DD-FF2C-48F1-BB5B-799E694D8E44}.Release|Any CPU.ActiveCfg = Release|Any CPU
		{436EC8DD-FF2C-48F1-BB5B-799E694D8E44}.Release|Any CPU.Build.0 = Release|Any CPU
	EndGlobalSection
	GlobalSection(SolutionProperties) = preSolution
		HideSolutionNode = FALSE
	EndGlobalSection
	GlobalSection(ExtensibilityGlobals) = postSolution
		SolutionGuid = {DC6DCD9E-A7C1-4989-9FC6-11769D21A946}
	EndGlobalSection
EndGlobal
